
Microsoft Visual Studio Solution File, Format Version 12.00
Project("{FAE04EC0-301F-11D3-BF4B-00C04F79EFBC}") = "Web_API", "Web_API\Web_API.csproj", "{0F85DCF4-663F-4E5C-A19D-664AD58FD568}"
EndProject
Project("{FAE04EC0-301F-11D3-BF4B-00C04F79EFBC}") = "Repositories", "Repositories\Repositories.csproj", "{F7FFB5E2-6B53-4A87-B455-EEA87594EF1E}"
EndProject
Project("{FAE04EC0-301F-11D3-BF4B-00C04F79EFBC}") = "Services", "Services\Services.csproj", "{2B9E6DFB-7B4D-4409-8C1A-4BEE1EC8EBDA}"
EndProject
Project("{FAE04EC0-301F-11D3-BF4B-00C04F79EFBC}") = "Models", "Models\Models.csproj", "{29EC7B1B-60DA-4EA3-9DD6-EBA4D92D7400}"
EndProject
Project("{FAE04EC0-301F-11D3-BF4B-00C04F79EFBC}") = "Data", "Data\Data.csproj", "{3F4676BE-39FD-4BFB-AFAE-3E63B238F55A}"
EndProject
Global
	GlobalSection(SolutionConfigurationPlatforms) = preSolution
		Debug|Any CPU = Debug|Any CPU
		Release|Any CPU = Release|Any CPU
	EndGlobalSection
	GlobalSection(ProjectConfigurationPlatforms) = postSolution
		{0F85DCF4-663F-4E5C-A19D-664AD58FD568}.Debug|Any CPU.ActiveCfg = Debug|Any CPU
		{0F85DCF4-663F-4E5C-A19D-664AD58FD568}.Debug|Any CPU.Build.0 = Debug|Any CPU
		{0F85DCF4-663F-4E5C-A19D-664AD58FD568}.Release|Any CPU.ActiveCfg = Release|Any CPU
		{0F85DCF4-663F-4E5C-A19D-664AD58FD568}.Release|Any CPU.Build.0 = Release|Any CPU
		{F7FFB5E2-6B53-4A87-B455-EEA87594EF1E}.Debug|Any CPU.ActiveCfg = Debug|Any CPU
		{F7FFB5E2-6B53-4A87-B455-EEA87594EF1E}.Debug|Any CPU.Build.0 = Debug|Any CPU
		{F7FFB5E2-6B53-4A87-B455-EEA87594EF1E}.Release|Any CPU.ActiveCfg = Release|Any CPU
		{F7FFB5E2-6B53-4A87-B455-EEA87594EF1E}.Release|Any CPU.Build.0 = Release|Any CPU
		{2B9E6DFB-7B4D-4409-8C1A-4BEE1EC8EBDA}.Debug|Any CPU.ActiveCfg = Debug|Any CPU
		{2B9E6DFB-7B4D-4409-8C1A-4BEE1EC8EBDA}.Debug|Any CPU.Build.0 = Debug|Any CPU
		{2B9E6DFB-7B4D-4409-8C1A-4BEE1EC8EBDA}.Release|Any CPU.ActiveCfg = Release|Any CPU
		{2B9E6DFB-7B4D-4409-8C1A-4BEE1EC8EBDA}.Release|Any CPU.Build.0 = Release|Any CPU
		{29EC7B1B-60DA-4EA3-9DD6-EBA4D92D7400}.Debug|Any CPU.ActiveCfg = Debug|Any CPU
		{29EC7B1B-60DA-4EA3-9DD6-EBA4D92D7400}.Debug|Any CPU.Build.0 = Debug|Any CPU
		{29EC7B1B-60DA-4EA3-9DD6-EBA4D92D7400}.Release|Any CPU.ActiveCfg = Release|Any CPU
		{29EC7B1B-60DA-4EA3-9DD6-EBA4D92D7400}.Release|Any CPU.Build.0 = Release|Any CPU
		{3F4676BE-39FD-4BFB-AFAE-3E63B238F55A}.Debug|Any CPU.ActiveCfg = Debug|Any CPU
		{3F4676BE-39FD-4BFB-AFAE-3E63B238F55A}.Debug|Any CPU.Build.0 = Debug|Any CPU
		{3F4676BE-39FD-4BFB-AFAE-3E63B238F55A}.Release|Any CPU.ActiveCfg = Release|Any CPU
		{3F4676BE-39FD-4BFB-AFAE-3E63B238F55A}.Release|Any CPU.Build.0 = Release|Any CPU
	EndGlobalSection
EndGlobal
